
Microsoft Visual Studio Solution File, Format Version 12.00
# Visual Studio Version 16
VisualStudioVersion = 16.0.31321.278
MinimumVisualStudioVersion = 10.0.40219.1
Project("{9A19103F-16F7-4668-BE54-9A1E7A4F7556}") = "NotificationService", "NotificationService\NotificationService.csproj", "{570302AB-0EE4-4654-9384-0D2123CBFA7A}"
EndProject
Project("{E53339B2-1760-4266-BCC7-CA923CBCF16C}") = "docker-compose", "docker-compose.dcproj", "{6D6623A4-C24B-4D78-B5A1-9971F3E39880}"
EndProject
Project("{9A19103F-16F7-4668-BE54-9A1E7A4F7556}") = "EventBus", "EventBus\EventBus.csproj", "{099159CE-8785-4386-8E81-FAE7C07A87D9}"
EndProject
Project("{9A19103F-16F7-4668-BE54-9A1E7A4F7556}") = "UserRepoService", "UserRepoService\UserRepoService.csproj", "{1D5CC22E-5FDD-4A27-AE28-88585E2CE793}"
EndProject
Project("{9A19103F-16F7-4668-BE54-9A1E7A4F7556}") = "MobileApiGetway", "MobileApiGetway\MobileApiGetway.csproj", "{32CBF9BB-ED26-439B-9802-21B343AFED34}"
EndProject
Project("{9A19103F-16F7-4668-BE54-9A1E7A4F7556}") = "LocationService", "LocationService\LocationService.csproj", "{D5FA5C99-D88D-4711-8509-ABA92298F1EA}"
EndProject
Project("{9A19103F-16F7-4668-BE54-9A1E7A4F7556}") = "CompanyService", "CompanyService\CompanyService.csproj", "{503750DB-0A0C-4BE4-8695-7F1D0C9C98F2}"
EndProject
Project("{9A19103F-16F7-4668-BE54-9A1E7A4F7556}") = "SkillService", "SkillService\SkillService.csproj", "{B58E2E34-5D8A-4C0C-9C5D-6B711C55F3AF}"
EndProject
Project("{9A19103F-16F7-4668-BE54-9A1E7A4F7556}") = "OfferService", "OfferService\OfferService.csproj", "{8728998B-3923-42C2-99D3-01DABB6B1872}"
EndProject
Project("{9A19103F-16F7-4668-BE54-9A1E7A4F7556}") = "OrderService", "OrderService\OrderService.csproj", "{12E9D897-1605-4AB9-B9C6-6043EB296D16}"
EndProject
Project("{9A19103F-16F7-4668-BE54-9A1E7A4F7556}") = "Globals", "Globals\Globals.csproj", "{B155B428-8422-4B5F-8F78-D229D98195D1}"
EndProject
Project("{9A19103F-16F7-4668-BE54-9A1E7A4F7556}") = "UserService", "UserService\UserService.csproj", "{DB62FCD2-A825-40A4-B3BF-D00D39B2D90C}"
EndProject
Global
	GlobalSection(SolutionConfigurationPlatforms) = preSolution
		Debug|Any CPU = Debug|Any CPU
		Release|Any CPU = Release|Any CPU
	EndGlobalSection
	GlobalSection(ProjectConfigurationPlatforms) = postSolution
		{570302AB-0EE4-4654-9384-0D2123CBFA7A}.Debug|Any CPU.ActiveCfg = Debug|Any CPU
		{570302AB-0EE4-4654-9384-0D2123CBFA7A}.Debug|Any CPU.Build.0 = Debug|Any CPU
		{570302AB-0EE4-4654-9384-0D2123CBFA7A}.Release|Any CPU.ActiveCfg = Release|Any CPU
		{570302AB-0EE4-4654-9384-0D2123CBFA7A}.Release|Any CPU.Build.0 = Release|Any CPU
		{6D6623A4-C24B-4D78-B5A1-9971F3E39880}.Debug|Any CPU.ActiveCfg = Debug|Any CPU
		{6D6623A4-C24B-4D78-B5A1-9971F3E39880}.Debug|Any CPU.Build.0 = Debug|Any CPU
		{6D6623A4-C24B-4D78-B5A1-9971F3E39880}.Release|Any CPU.ActiveCfg = Release|Any CPU
		{6D6623A4-C24B-4D78-B5A1-9971F3E39880}.Release|Any CPU.Build.0 = Release|Any CPU
		{099159CE-8785-4386-8E81-FAE7C07A87D9}.Debug|Any CPU.ActiveCfg = Debug|Any CPU
		{099159CE-8785-4386-8E81-FAE7C07A87D9}.Debug|Any CPU.Build.0 = Debug|Any CPU
		{099159CE-8785-4386-8E81-FAE7C07A87D9}.Release|Any CPU.ActiveCfg = Release|Any CPU
		{099159CE-8785-4386-8E81-FAE7C07A87D9}.Release|Any CPU.Build.0 = Release|Any CPU
		{1D5CC22E-5FDD-4A27-AE28-88585E2CE793}.Debug|Any CPU.ActiveCfg = Debug|Any CPU
		{1D5CC22E-5FDD-4A27-AE28-88585E2CE793}.Debug|Any CPU.Build.0 = Debug|Any CPU
		{1D5CC22E-5FDD-4A27-AE28-88585E2CE793}.Release|Any CPU.ActiveCfg = Release|Any CPU
		{1D5CC22E-5FDD-4A27-AE28-88585E2CE793}.Release|Any CPU.Build.0 = Release|Any CPU
		{32CBF9BB-ED26-439B-9802-21B343AFED34}.Debug|Any CPU.ActiveCfg = Debug|Any CPU
		{32CBF9BB-ED26-439B-9802-21B343AFED34}.Debug|Any CPU.Build.0 = Debug|Any CPU
		{32CBF9BB-ED26-439B-9802-21B343AFED34}.Release|Any CPU.ActiveCfg = Release|Any CPU
		{32CBF9BB-ED26-439B-9802-21B343AFED34}.Release|Any CPU.Build.0 = Release|Any CPU
		{D5FA5C99-D88D-4711-8509-ABA92298F1EA}.Debug|Any CPU.ActiveCfg = Debug|Any CPU
		{D5FA5C99-D88D-4711-8509-ABA92298F1EA}.Debug|Any CPU.Build.0 = Debug|Any CPU
		{D5FA5C99-D88D-4711-8509-ABA92298F1EA}.Release|Any CPU.ActiveCfg = Release|Any CPU
		{D5FA5C99-D88D-4711-8509-ABA92298F1EA}.Release|Any CPU.Build.0 = Release|Any CPU
		{503750DB-0A0C-4BE4-8695-7F1D0C9C98F2}.Debug|Any CPU.ActiveCfg = Debug|Any CPU
		{503750DB-0A0C-4BE4-8695-7F1D0C9C98F2}.Debug|Any CPU.Build.0 = Debug|Any CPU
		{503750DB-0A0C-4BE4-8695-7F1D0C9C98F2}.Release|Any CPU.ActiveCfg = Release|Any CPU
		{503750DB-0A0C-4BE4-8695-7F1D0C9C98F2}.Release|Any CPU.Build.0 = Release|Any CPU
		{B58E2E34-5D8A-4C0C-9C5D-6B711C55F3AF}.Debug|Any CPU.ActiveCfg = Debug|Any CPU
		{B58E2E34-5D8A-4C0C-9C5D-6B711C55F3AF}.Debug|Any CPU.Build.0 = Debug|Any CPU
		{B58E2E34-5D8A-4C0C-9C5D-6B711C55F3AF}.Release|Any CPU.ActiveCfg = Release|Any CPU
		{B58E2E34-5D8A-4C0C-9C5D-6B711C55F3AF}.Release|Any CPU.Build.0 = Release|Any CPU
		{8728998B-3923-42C2-99D3-01DABB6B1872}.Debug|Any CPU.ActiveCfg = Debug|Any CPU
		{8728998B-3923-42C2-99D3-01DABB6B1872}.Debug|Any CPU.Build.0 = Debug|Any CPU
		{8728998B-3923-42C2-99D3-01DABB6B1872}.Release|Any CPU.ActiveCfg = Release|Any CPU
		{8728998B-3923-42C2-99D3-01DABB6B1872}.Release|Any CPU.Build.0 = Release|Any CPU
		{12E9D897-1605-4AB9-B9C6-6043EB296D16}.Debug|Any CPU.ActiveCfg = Debug|Any CPU
		{12E9D897-1605-4AB9-B9C6-6043EB296D16}.Debug|Any CPU.Build.0 = Debug|Any CPU
		{12E9D897-1605-4AB9-B9C6-6043EB296D16}.Release|Any CPU.ActiveCfg = Release|Any CPU
		{12E9D897-1605-4AB9-B9C6-6043EB296D16}.Release|Any CPU.Build.0 = Release|Any CPU
		{B155B428-8422-4B5F-8F78-D229D98195D1}.Debug|Any CPU.ActiveCfg = Debug|Any CPU
		{B155B428-8422-4B5F-8F78-D229D98195D1}.Debug|Any CPU.Build.0 = Debug|Any CPU
		{B155B428-8422-4B5F-8F78-D229D98195D1}.Release|Any CPU.ActiveCfg = Release|Any CPU
		{B155B428-8422-4B5F-8F78-D229D98195D1}.Release|Any CPU.Build.0 = Release|Any CPU
		{DB62FCD2-A825-40A4-B3BF-D00D39B2D90C}.Debug|Any CPU.ActiveCfg = Debug|Any CPU
		{DB62FCD2-A825-40A4-B3BF-D00D39B2D90C}.Debug|Any CPU.Build.0 = Debug|Any CPU
		{DB62FCD2-A825-40A4-B3BF-D00D39B2D90C}.Release|Any CPU.ActiveCfg = Release|Any CPU
		{DB62FCD2-A825-40A4-B3BF-D00D39B2D90C}.Release|Any CPU.Build.0 = Release|Any CPU
	EndGlobalSection
	GlobalSection(SolutionProperties) = preSolution
		HideSolutionNode = FALSE
	EndGlobalSection
	GlobalSection(ExtensibilityGlobals) = postSolution
		SolutionGuid = {CA2C4BE3-38A7-408D-9F33-0A2B44BC4277}
	EndGlobalSection
EndGlobal
